
Microsoft Visual Studio Solution File, Format Version 12.00
# Visual Studio Version 16
VisualStudioVersion = 16.0.29613.14
MinimumVisualStudioVersion = 10.0.40219.1
Project("{F184B08F-C81C-45F6-A57F-5ABD9991F28F}") = "SkyEditor.ROMEditor.Windows", "SkyEditor.ROMEditor.Windows\SkyEditor.ROMEditor.Windows.vbproj", "{F05C12E8-EAB7-4B9E-A8D2-D21B80C1A646}"
EndProject
Project("{F184B08F-C81C-45F6-A57F-5ABD9991F28F}") = "SkyEditor.ROMEditor.UI.WPF", "SkyEditor.ROMEditor.UI.WPF\SkyEditor.ROMEditor.UI.WPF.vbproj", "{4E3861A8-1669-4328-90FC-86D76B0FC0B6}"
EndProject
Project("{2150E333-8FDC-42A3-9474-1A3956D46DE8}") = "Tests", "Tests", "{5788E15F-1D0E-44BD-9623-C7426B413CFF}"
EndProject
Project("{F184B08F-C81C-45F6-A57F-5ABD9991F28F}") = "SkyEditor.ROMEditor.Tests", "Tests\SkyEditor.ROMEditor.Tests\SkyEditor.ROMEditor.Tests.vbproj", "{19F6F4C2-A2A8-4C78-8188-9A8859E3219D}"
EndProject
Project("{2150E333-8FDC-42A3-9474-1A3956D46DE8}") = "Solution Items", "Solution Items", "{AC4B9B61-DD76-4308-B12E-94BAE3D3BA90}"
	ProjectSection(SolutionItems) = preProject
		.gitignore = .gitignore
	EndProjectSection
EndProject
Project("{2150E333-8FDC-42A3-9474-1A3956D46DE8}") = "Test ROMs", "Test ROMs", "{2BBCE536-3CB9-4953-A8C9-1F6A70322DD9}"
	ProjectSection(SolutionItems) = preProject
		Tests\Test ROMs\BRT-U-MD5 = Tests\Test ROMs\BRT-U-MD5
		Tests\Test ROMs\brt-u.nds = Tests\Test ROMs\brt-u.nds
		Tests\Test ROMs\EoS-U-MD5 = Tests\Test ROMs\EoS-U-MD5
		Tests\Test ROMs\eos-u.nds = Tests\Test ROMs\eos-u.nds
	EndProjectSection
EndProject
Project("{F184B08F-C81C-45F6-A57F-5ABD9991F28F}") = "SkyEditor.ROMEditor.IntegrationTests", "Tests\SkyEditor.ROMEditor.IntegrationTests\SkyEditor.ROMEditor.IntegrationTests.vbproj", "{A018D6AA-42E9-4183-8148-FB2CBDB746D2}"
EndProject
Project("{FAE04EC0-301F-11D3-BF4B-00C04F79EFBC}") = "EveryFileExplorer", "Library3DS\EveryFileExplorer.csproj", "{E92DF34A-5CF0-4F9C-9640-A16B7453270D}"
EndProject
Project("{778DAE3C-4631-46EA-AA77-85C1314464D9}") = "SkyEditor.ROMEditor", "SkyEditor.ROMEditor\SkyEditor.ROMEditor.vbproj", "{F1B430D7-C00D-4673-8816-97C9DF4376BC}"
EndProject
Project("{FAE04EC0-301F-11D3-BF4B-00C04F79EFBC}") = "SkyEditor.ROMEditor.BigTestsCSharp", "Tests\SkyEditor.ROMEditor.BigTestsCSharp\SkyEditor.ROMEditor.BigTestsCSharp.csproj", "{96B14895-AFDD-4FBC-BBD8-EBB173F65775}"
EndProject
Project("{2150E333-8FDC-42A3-9474-1A3956D46DE8}") = "Misc", "Misc", "{924A8A27-C1C7-44EF-B7AF-BB8F6247670B}"
EndProject
Project("{9A19103F-16F7-4668-BE54-9A1E7A4F7556}") = "FarcFilenameHasher", "Misc\FarcFilenameHasher\FarcFilenameHasher.csproj", "{78E03B61-5B59-45B6-8388-F9F059199954}"
EndProject
Project("{FAE04EC0-301F-11D3-BF4B-00C04F79EFBC}") = "SkyEditor.RomEditor.CSharp", "SkyEditor.RomEditor.CSharp\SkyEditor.RomEditor.CSharp.csproj", "{48B3E8DE-DE58-4A1E-9B70-7CD53A739B4D}"
EndProject
Global
	GlobalSection(SolutionConfigurationPlatforms) = preSolution
		Debug|Any CPU = Debug|Any CPU
		Debug|x86 = Debug|x86
		Release|Any CPU = Release|Any CPU
		Release|x86 = Release|x86
		Test|Any CPU = Test|Any CPU
		Test|x86 = Test|x86
	EndGlobalSection
	GlobalSection(ProjectConfigurationPlatforms) = postSolution
		{F05C12E8-EAB7-4B9E-A8D2-D21B80C1A646}.Debug|Any CPU.ActiveCfg = Debug|Any CPU
		{F05C12E8-EAB7-4B9E-A8D2-D21B80C1A646}.Debug|Any CPU.Build.0 = Debug|Any CPU
		{F05C12E8-EAB7-4B9E-A8D2-D21B80C1A646}.Debug|x86.ActiveCfg = Debug|x86
		{F05C12E8-EAB7-4B9E-A8D2-D21B80C1A646}.Debug|x86.Build.0 = Debug|x86
		{F05C12E8-EAB7-4B9E-A8D2-D21B80C1A646}.Release|Any CPU.ActiveCfg = Release|Any CPU
		{F05C12E8-EAB7-4B9E-A8D2-D21B80C1A646}.Release|Any CPU.Build.0 = Release|Any CPU
		{F05C12E8-EAB7-4B9E-A8D2-D21B80C1A646}.Release|x86.ActiveCfg = Release|x86
		{F05C12E8-EAB7-4B9E-A8D2-D21B80C1A646}.Release|x86.Build.0 = Release|x86
		{F05C12E8-EAB7-4B9E-A8D2-D21B80C1A646}.Test|Any CPU.ActiveCfg = Test|Any CPU
		{F05C12E8-EAB7-4B9E-A8D2-D21B80C1A646}.Test|Any CPU.Build.0 = Test|Any CPU
		{F05C12E8-EAB7-4B9E-A8D2-D21B80C1A646}.Test|x86.ActiveCfg = Test|x86
		{F05C12E8-EAB7-4B9E-A8D2-D21B80C1A646}.Test|x86.Build.0 = Test|x86
		{4E3861A8-1669-4328-90FC-86D76B0FC0B6}.Debug|Any CPU.ActiveCfg = Debug|Any CPU
		{4E3861A8-1669-4328-90FC-86D76B0FC0B6}.Debug|Any CPU.Build.0 = Debug|Any CPU
		{4E3861A8-1669-4328-90FC-86D76B0FC0B6}.Debug|x86.ActiveCfg = Debug|Any CPU
		{4E3861A8-1669-4328-90FC-86D76B0FC0B6}.Debug|x86.Build.0 = Debug|Any CPU
		{4E3861A8-1669-4328-90FC-86D76B0FC0B6}.Release|Any CPU.ActiveCfg = Release|Any CPU
		{4E3861A8-1669-4328-90FC-86D76B0FC0B6}.Release|Any CPU.Build.0 = Release|Any CPU
		{4E3861A8-1669-4328-90FC-86D76B0FC0B6}.Release|x86.ActiveCfg = Release|Any CPU
		{4E3861A8-1669-4328-90FC-86D76B0FC0B6}.Release|x86.Build.0 = Release|Any CPU
		{4E3861A8-1669-4328-90FC-86D76B0FC0B6}.Test|Any CPU.ActiveCfg = Test|Any CPU
		{4E3861A8-1669-4328-90FC-86D76B0FC0B6}.Test|Any CPU.Build.0 = Test|Any CPU
		{4E3861A8-1669-4328-90FC-86D76B0FC0B6}.Test|x86.ActiveCfg = Test|Any CPU
		{4E3861A8-1669-4328-90FC-86D76B0FC0B6}.Test|x86.Build.0 = Test|Any CPU
		{19F6F4C2-A2A8-4C78-8188-9A8859E3219D}.Debug|Any CPU.ActiveCfg = Debug|Any CPU
		{19F6F4C2-A2A8-4C78-8188-9A8859E3219D}.Debug|Any CPU.Build.0 = Debug|Any CPU
		{19F6F4C2-A2A8-4C78-8188-9A8859E3219D}.Debug|x86.ActiveCfg = Debug|Any CPU
		{19F6F4C2-A2A8-4C78-8188-9A8859E3219D}.Debug|x86.Build.0 = Debug|Any CPU
		{19F6F4C2-A2A8-4C78-8188-9A8859E3219D}.Release|Any CPU.ActiveCfg = Release|Any CPU
		{19F6F4C2-A2A8-4C78-8188-9A8859E3219D}.Release|Any CPU.Build.0 = Release|Any CPU
		{19F6F4C2-A2A8-4C78-8188-9A8859E3219D}.Release|x86.ActiveCfg = Release|Any CPU
		{19F6F4C2-A2A8-4C78-8188-9A8859E3219D}.Release|x86.Build.0 = Release|Any CPU
		{19F6F4C2-A2A8-4C78-8188-9A8859E3219D}.Test|Any CPU.ActiveCfg = Test|Any CPU
		{19F6F4C2-A2A8-4C78-8188-9A8859E3219D}.Test|Any CPU.Build.0 = Test|Any CPU
		{19F6F4C2-A2A8-4C78-8188-9A8859E3219D}.Test|x86.ActiveCfg = Test|Any CPU
		{19F6F4C2-A2A8-4C78-8188-9A8859E3219D}.Test|x86.Build.0 = Test|Any CPU
		{A018D6AA-42E9-4183-8148-FB2CBDB746D2}.Debug|Any CPU.ActiveCfg = Debug|Any CPU
		{A018D6AA-42E9-4183-8148-FB2CBDB746D2}.Debug|x86.ActiveCfg = Debug|Any CPU
		{A018D6AA-42E9-4183-8148-FB2CBDB746D2}.Debug|x86.Build.0 = Debug|Any CPU
		{A018D6AA-42E9-4183-8148-FB2CBDB746D2}.Release|Any CPU.ActiveCfg = Release|Any CPU
		{A018D6AA-42E9-4183-8148-FB2CBDB746D2}.Release|x86.ActiveCfg = Release|Any CPU
		{A018D6AA-42E9-4183-8148-FB2CBDB746D2}.Release|x86.Build.0 = Release|Any CPU
		{A018D6AA-42E9-4183-8148-FB2CBDB746D2}.Test|Any CPU.ActiveCfg = Test|Any CPU
		{A018D6AA-42E9-4183-8148-FB2CBDB746D2}.Test|Any CPU.Build.0 = Test|Any CPU
		{A018D6AA-42E9-4183-8148-FB2CBDB746D2}.Test|x86.ActiveCfg = Test|Any CPU
		{A018D6AA-42E9-4183-8148-FB2CBDB746D2}.Test|x86.Build.0 = Test|Any CPU
		{E92DF34A-5CF0-4F9C-9640-A16B7453270D}.Debug|Any CPU.ActiveCfg = Debug|Any CPU
		{E92DF34A-5CF0-4F9C-9640-A16B7453270D}.Debug|Any CPU.Build.0 = Debug|Any CPU
		{E92DF34A-5CF0-4F9C-9640-A16B7453270D}.Debug|x86.ActiveCfg = Debug|Any CPU
		{E92DF34A-5CF0-4F9C-9640-A16B7453270D}.Debug|x86.Build.0 = Debug|Any CPU
		{E92DF34A-5CF0-4F9C-9640-A16B7453270D}.Release|Any CPU.ActiveCfg = Release|Any CPU
		{E92DF34A-5CF0-4F9C-9640-A16B7453270D}.Release|Any CPU.Build.0 = Release|Any CPU
		{E92DF34A-5CF0-4F9C-9640-A16B7453270D}.Release|x86.ActiveCfg = Release|Any CPU
		{E92DF34A-5CF0-4F9C-9640-A16B7453270D}.Release|x86.Build.0 = Release|Any CPU
		{E92DF34A-5CF0-4F9C-9640-A16B7453270D}.Test|Any CPU.ActiveCfg = Release|Any CPU
		{E92DF34A-5CF0-4F9C-9640-A16B7453270D}.Test|Any CPU.Build.0 = Release|Any CPU
		{E92DF34A-5CF0-4F9C-9640-A16B7453270D}.Test|x86.ActiveCfg = Release|Any CPU
		{E92DF34A-5CF0-4F9C-9640-A16B7453270D}.Test|x86.Build.0 = Release|Any CPU
		{F1B430D7-C00D-4673-8816-97C9DF4376BC}.Debug|Any CPU.ActiveCfg = Debug|Any CPU
		{F1B430D7-C00D-4673-8816-97C9DF4376BC}.Debug|Any CPU.Build.0 = Debug|Any CPU
		{F1B430D7-C00D-4673-8816-97C9DF4376BC}.Debug|x86.ActiveCfg = Debug|Any CPU
		{F1B430D7-C00D-4673-8816-97C9DF4376BC}.Debug|x86.Build.0 = Debug|Any CPU
		{F1B430D7-C00D-4673-8816-97C9DF4376BC}.Release|Any CPU.ActiveCfg = Release|Any CPU
		{F1B430D7-C00D-4673-8816-97C9DF4376BC}.Release|Any CPU.Build.0 = Release|Any CPU
		{F1B430D7-C00D-4673-8816-97C9DF4376BC}.Release|x86.ActiveCfg = Release|Any CPU
		{F1B430D7-C00D-4673-8816-97C9DF4376BC}.Release|x86.Build.0 = Release|Any CPU
		{F1B430D7-C00D-4673-8816-97C9DF4376BC}.Test|Any CPU.ActiveCfg = Debug|Any CPU
		{F1B430D7-C00D-4673-8816-97C9DF4376BC}.Test|Any CPU.Build.0 = Debug|Any CPU
		{F1B430D7-C00D-4673-8816-97C9DF4376BC}.Test|x86.ActiveCfg = Debug|Any CPU
		{F1B430D7-C00D-4673-8816-97C9DF4376BC}.Test|x86.Build.0 = Debug|Any CPU
		{96B14895-AFDD-4FBC-BBD8-EBB173F65775}.Debug|Any CPU.ActiveCfg = Debug|Any CPU
		{96B14895-AFDD-4FBC-BBD8-EBB173F65775}.Debug|x86.ActiveCfg = Debug|Any CPU
		{96B14895-AFDD-4FBC-BBD8-EBB173F65775}.Debug|x86.Build.0 = Debug|Any CPU
		{96B14895-AFDD-4FBC-BBD8-EBB173F65775}.Release|Any CPU.ActiveCfg = Release|Any CPU
		{96B14895-AFDD-4FBC-BBD8-EBB173F65775}.Release|x86.ActiveCfg = Release|Any CPU
		{96B14895-AFDD-4FBC-BBD8-EBB173F65775}.Release|x86.Build.0 = Release|Any CPU
		{96B14895-AFDD-4FBC-BBD8-EBB173F65775}.Test|Any CPU.ActiveCfg = Release|Any CPU
		{96B14895-AFDD-4FBC-BBD8-EBB173F65775}.Test|Any CPU.Build.0 = Release|Any CPU
		{96B14895-AFDD-4FBC-BBD8-EBB173F65775}.Test|x86.ActiveCfg = Release|Any CPU
		{96B14895-AFDD-4FBC-BBD8-EBB173F65775}.Test|x86.Build.0 = Release|Any CPU
		{78E03B61-5B59-45B6-8388-F9F059199954}.Debug|Any CPU.ActiveCfg = Debug|Any CPU
		{78E03B61-5B59-45B6-8388-F9F059199954}.Debug|Any CPU.Build.0 = Debug|Any CPU
		{78E03B61-5B59-45B6-8388-F9F059199954}.Debug|x86.ActiveCfg = Debug|Any CPU
		{78E03B61-5B59-45B6-8388-F9F059199954}.Debug|x86.Build.0 = Debug|Any CPU
		{78E03B61-5B59-45B6-8388-F9F059199954}.Release|Any CPU.ActiveCfg = Release|Any CPU
		{78E03B61-5B59-45B6-8388-F9F059199954}.Release|Any CPU.Build.0 = Release|Any CPU
		{78E03B61-5B59-45B6-8388-F9F059199954}.Release|x86.ActiveCfg = Release|Any CPU
		{78E03B61-5B59-45B6-8388-F9F059199954}.Release|x86.Build.0 = Release|Any CPU
		{78E03B61-5B59-45B6-8388-F9F059199954}.Test|Any CPU.ActiveCfg = Debug|Any CPU
		{78E03B61-5B59-45B6-8388-F9F059199954}.Test|Any CPU.Build.0 = Debug|Any CPU
		{78E03B61-5B59-45B6-8388-F9F059199954}.Test|x86.ActiveCfg = Debug|Any CPU
		{78E03B61-5B59-45B6-8388-F9F059199954}.Test|x86.Build.0 = Debug|Any CPU
		{48B3E8DE-DE58-4A1E-9B70-7CD53A739B4D}.Debug|Any CPU.ActiveCfg = Debug|Any CPU
		{48B3E8DE-DE58-4A1E-9B70-7CD53A739B4D}.Debug|Any CPU.Build.0 = Debug|Any CPU
		{48B3E8DE-DE58-4A1E-9B70-7CD53A739B4D}.Debug|x86.ActiveCfg = Debug|Any CPU
		{48B3E8DE-DE58-4A1E-9B70-7CD53A739B4D}.Debug|x86.Build.0 = Debug|Any CPU
		{48B3E8DE-DE58-4A1E-9B70-7CD53A739B4D}.Release|Any CPU.ActiveCfg = Release|Any CPU
		{48B3E8DE-DE58-4A1E-9B70-7CD53A739B4D}.Release|Any CPU.Build.0 = Release|Any CPU
		{48B3E8DE-DE58-4A1E-9B70-7CD53A739B4D}.Release|x86.ActiveCfg = Release|Any CPU
		{48B3E8DE-DE58-4A1E-9B70-7CD53A739B4D}.Release|x86.Build.0 = Release|Any CPU
		{48B3E8DE-DE58-4A1E-9B70-7CD53A739B4D}.Test|Any CPU.ActiveCfg = Debug|Any CPU
		{48B3E8DE-DE58-4A1E-9B70-7CD53A739B4D}.Test|Any CPU.Build.0 = Debug|Any CPU
		{48B3E8DE-DE58-4A1E-9B70-7CD53A739B4D}.Test|x86.ActiveCfg = Debug|Any CPU
		{48B3E8DE-DE58-4A1E-9B70-7CD53A739B4D}.Test|x86.Build.0 = Debug|Any CPU
	EndGlobalSection
	GlobalSection(SolutionProperties) = preSolution
		HideSolutionNode = FALSE
	EndGlobalSection
	GlobalSection(NestedProjects) = preSolution
		{19F6F4C2-A2A8-4C78-8188-9A8859E3219D} = {5788E15F-1D0E-44BD-9623-C7426B413CFF}
		{2BBCE536-3CB9-4953-A8C9-1F6A70322DD9} = {5788E15F-1D0E-44BD-9623-C7426B413CFF}
		{A018D6AA-42E9-4183-8148-FB2CBDB746D2} = {5788E15F-1D0E-44BD-9623-C7426B413CFF}
		{96B14895-AFDD-4FBC-BBD8-EBB173F65775} = {5788E15F-1D0E-44BD-9623-C7426B413CFF}
		{78E03B61-5B59-45B6-8388-F9F059199954} = {924A8A27-C1C7-44EF-B7AF-BB8F6247670B}
	EndGlobalSection
	GlobalSection(ExtensibilityGlobals) = postSolution
		SolutionGuid = {6D38B718-B85B-4F50-B0C1-612E71D72F28}
	EndGlobalSection
EndGlobal
