
Microsoft Visual Studio Solution File, Format Version 12.00
# Visual Studio 14
VisualStudioVersion = 14.0.25420.1
MinimumVisualStudioVersion = 10.0.40219.1
Project("{F184B08F-C81C-45F6-A57F-5ABD9991F28F}") = "SkyEditor.ROMEditor", "SkyEditor.ROMEditor\SkyEditor.ROMEditor.vbproj", "{B7F1E33D-EDE9-42BA-8932-6CCA5891D2E0}"
EndProject
Project("{F184B08F-C81C-45F6-A57F-5ABD9991F28F}") = "SkyEditor.ROMEditor.Windows", "SkyEditor.ROMEditor.Windows\SkyEditor.ROMEditor.Windows.vbproj", "{F05C12E8-EAB7-4B9E-A8D2-D21B80C1A646}"
EndProject
Project("{F184B08F-C81C-45F6-A57F-5ABD9991F28F}") = "SkyEditor.ROMEditor.UI.WPF", "SkyEditor.ROMEditor.UI.WPF\SkyEditor.ROMEditor.UI.WPF.vbproj", "{4E3861A8-1669-4328-90FC-86D76B0FC0B6}"
EndProject
Project("{F184B08F-C81C-45F6-A57F-5ABD9991F28F}") = "SkyEditor.UI.WPF", "..\SkyEditor.UI.WPF\SkyEditor.UI.WPF\SkyEditor.UI.WPF.vbproj", "{00AFCE08-71B5-4BF9-9155-C017F8151419}"
EndProject
Global
	GlobalSection(SolutionConfigurationPlatforms) = preSolution
		Debug|Any CPU = Debug|Any CPU
		Debug|x86 = Debug|x86
		Release|Any CPU = Release|Any CPU
		Release|x86 = Release|x86
	EndGlobalSection
	GlobalSection(ProjectConfigurationPlatforms) = postSolution
		{B7F1E33D-EDE9-42BA-8932-6CCA5891D2E0}.Debug|Any CPU.ActiveCfg = Debug|Any CPU
		{B7F1E33D-EDE9-42BA-8932-6CCA5891D2E0}.Debug|Any CPU.Build.0 = Debug|Any CPU
		{B7F1E33D-EDE9-42BA-8932-6CCA5891D2E0}.Debug|x86.ActiveCfg = Debug|Any CPU
		{B7F1E33D-EDE9-42BA-8932-6CCA5891D2E0}.Debug|x86.Build.0 = Debug|Any CPU
		{B7F1E33D-EDE9-42BA-8932-6CCA5891D2E0}.Release|Any CPU.ActiveCfg = Release|Any CPU
		{B7F1E33D-EDE9-42BA-8932-6CCA5891D2E0}.Release|Any CPU.Build.0 = Release|Any CPU
		{B7F1E33D-EDE9-42BA-8932-6CCA5891D2E0}.Release|x86.ActiveCfg = Release|Any CPU
		{B7F1E33D-EDE9-42BA-8932-6CCA5891D2E0}.Release|x86.Build.0 = Release|Any CPU
		{F05C12E8-EAB7-4B9E-A8D2-D21B80C1A646}.Debug|Any CPU.ActiveCfg = Debug|Any CPU
		{F05C12E8-EAB7-4B9E-A8D2-D21B80C1A646}.Debug|Any CPU.Build.0 = Debug|Any CPU
		{F05C12E8-EAB7-4B9E-A8D2-D21B80C1A646}.Debug|x86.ActiveCfg = Debug|x86
		{F05C12E8-EAB7-4B9E-A8D2-D21B80C1A646}.Debug|x86.Build.0 = Debug|x86
		{F05C12E8-EAB7-4B9E-A8D2-D21B80C1A646}.Release|Any CPU.ActiveCfg = Release|Any CPU
		{F05C12E8-EAB7-4B9E-A8D2-D21B80C1A646}.Release|Any CPU.Build.0 = Release|Any CPU
		{F05C12E8-EAB7-4B9E-A8D2-D21B80C1A646}.Release|x86.ActiveCfg = Release|x86
		{F05C12E8-EAB7-4B9E-A8D2-D21B80C1A646}.Release|x86.Build.0 = Release|x86
		{4E3861A8-1669-4328-90FC-86D76B0FC0B6}.Debug|Any CPU.ActiveCfg = Debug|Any CPU
		{4E3861A8-1669-4328-90FC-86D76B0FC0B6}.Debug|Any CPU.Build.0 = Debug|Any CPU
		{4E3861A8-1669-4328-90FC-86D76B0FC0B6}.Debug|x86.ActiveCfg = Debug|Any CPU
		{4E3861A8-1669-4328-90FC-86D76B0FC0B6}.Debug|x86.Build.0 = Debug|Any CPU
		{4E3861A8-1669-4328-90FC-86D76B0FC0B6}.Release|Any CPU.ActiveCfg = Release|Any CPU
		{4E3861A8-1669-4328-90FC-86D76B0FC0B6}.Release|Any CPU.Build.0 = Release|Any CPU
		{4E3861A8-1669-4328-90FC-86D76B0FC0B6}.Release|x86.ActiveCfg = Release|Any CPU
		{4E3861A8-1669-4328-90FC-86D76B0FC0B6}.Release|x86.Build.0 = Release|Any CPU
		{00AFCE08-71B5-4BF9-9155-C017F8151419}.Debug|Any CPU.ActiveCfg = Debug|Any CPU
		{00AFCE08-71B5-4BF9-9155-C017F8151419}.Debug|Any CPU.Build.0 = Debug|Any CPU
		{00AFCE08-71B5-4BF9-9155-C017F8151419}.Debug|x86.ActiveCfg = Debug|Any CPU
		{00AFCE08-71B5-4BF9-9155-C017F8151419}.Debug|x86.Build.0 = Debug|Any CPU
		{00AFCE08-71B5-4BF9-9155-C017F8151419}.Release|Any CPU.ActiveCfg = Release|Any CPU
		{00AFCE08-71B5-4BF9-9155-C017F8151419}.Release|Any CPU.Build.0 = Release|Any CPU
		{00AFCE08-71B5-4BF9-9155-C017F8151419}.Release|x86.ActiveCfg = Release|Any CPU
		{00AFCE08-71B5-4BF9-9155-C017F8151419}.Release|x86.Build.0 = Release|Any CPU
	EndGlobalSection
	GlobalSection(SolutionProperties) = preSolution
		HideSolutionNode = FALSE
	EndGlobalSection
EndGlobal
